
Microsoft Visual Studio Solution File, Format Version 12.00
# Visual Studio 14
VisualStudioVersion = 14.0.25420.1
MinimumVisualStudioVersion = 10.0.40219.1
Project("{FAE04EC0-301F-11D3-BF4B-00C04F79EFBC}") = "Dependency", "Dependency\Dependency.csproj", "{54B9CE11-F669-4408-9FAD-384CC000A1BE}"
EndProject
Project("{FAE04EC0-301F-11D3-BF4B-00C04F79EFBC}") = "Dependency.Test", "Dependency.Test\Dependency.Test.csproj", "{AC95AF0D-F294-4839-BFA3-79C2A4BC7DFE}"
EndProject
Global
	GlobalSection(SolutionConfigurationPlatforms) = preSolution
		Debug|Any CPU = Debug|Any CPU
		Release|Any CPU = Release|Any CPU
	EndGlobalSection
	GlobalSection(ProjectConfigurationPlatforms) = postSolution
		{54B9CE11-F669-4408-9FAD-384CC000A1BE}.Debug|Any CPU.ActiveCfg = Debug|Any CPU
		{54B9CE11-F669-4408-9FAD-384CC000A1BE}.Debug|Any CPU.Build.0 = Debug|Any CPU
		{54B9CE11-F669-4408-9FAD-384CC000A1BE}.Release|Any CPU.ActiveCfg = Release|Any CPU
		{54B9CE11-F669-4408-9FAD-384CC000A1BE}.Release|Any CPU.Build.0 = Release|Any CPU
		{AC95AF0D-F294-4839-BFA3-79C2A4BC7DFE}.Debug|Any CPU.ActiveCfg = Debug|Any CPU
		{AC95AF0D-F294-4839-BFA3-79C2A4BC7DFE}.Debug|Any CPU.Build.0 = Debug|Any CPU
		{AC95AF0D-F294-4839-BFA3-79C2A4BC7DFE}.Release|Any CPU.ActiveCfg = Release|Any CPU
		{AC95AF0D-F294-4839-BFA3-79C2A4BC7DFE}.Release|Any CPU.Build.0 = Release|Any CPU
	EndGlobalSection
	GlobalSection(SolutionProperties) = preSolution
		HideSolutionNode = FALSE
	EndGlobalSection
EndGlobal
